
Microsoft Visual Studio Solution File, Format Version 12.00
# Visual Studio 15
VisualStudioVersion = 15.0.27130.2024
MinimumVisualStudioVersion = 10.0.40219.1
Project("{FAE04EC0-301F-11D3-BF4B-00C04F79EFBC}") = "ADR.D365InstanceDataProvider", "ADR.D365InstanceDataProvider\ADR.D365InstanceDataProvider.csproj", "{40E9366D-45CD-46A5-AD27-8E504E201B91}"
EndProject
Global
	GlobalSection(SolutionConfigurationPlatforms) = preSolution
		Debug|Any CPU = Debug|Any CPU
		Release|Any CPU = Release|Any CPU
	EndGlobalSection
	GlobalSection(ProjectConfigurationPlatforms) = postSolution
		{40E9366D-45CD-46A5-AD27-8E504E201B91}.Debug|Any CPU.ActiveCfg = Debug|Any CPU
		{40E9366D-45CD-46A5-AD27-8E504E201B91}.Debug|Any CPU.Build.0 = Debug|Any CPU
		{40E9366D-45CD-46A5-AD27-8E504E201B91}.Release|Any CPU.ActiveCfg = Release|Any CPU
		{40E9366D-45CD-46A5-AD27-8E504E201B91}.Release|Any CPU.Build.0 = Release|Any CPU
	EndGlobalSection
	GlobalSection(SolutionProperties) = preSolution
		HideSolutionNode = FALSE
	EndGlobalSection
	GlobalSection(ExtensibilityGlobals) = postSolution
		SolutionGuid = {22EF90A6-5D14-49EF-8CFC-57B6F6242CC3}
	EndGlobalSection
EndGlobal
